// !$*UTF8*$!
{
	archiveVersion = 1;
	classes = {
	};
	objectVersion = 46;
	objects = {

/* Begin PBXBuildFile section */
		41FB680F72642C0DB4615D8B /* Pods_Test.framework in Frameworks */ = {isa = PBXBuildFile; fileRef = 8CBD3E582B9D3C16CF301788 /* Pods_Test.framework */; };
		F23D99531F191EB800BC253D /* AvatarsVC.swift in Sources */ = {isa = PBXBuildFile; fileRef = F23D99521F191EB800BC253D /* AvatarsVC.swift */; };
		F23D99551F19244300BC253D /* AvatarView.swift in Sources */ = {isa = PBXBuildFile; fileRef = F23D99541F19244300BC253D /* AvatarView.swift */; };
		F26FB0A01F1901C000D17889 /* AppDelegate.swift in Sources */ = {isa = PBXBuildFile; fileRef = F26FB09F1F1901C000D17889 /* AppDelegate.swift */; };
		F26FB0A21F1901C000D17889 /* ViewController.swift in Sources */ = {isa = PBXBuildFile; fileRef = F26FB0A11F1901C000D17889 /* ViewController.swift */; };
		F26FB0A51F1901C000D17889 /* Main.storyboard in Resources */ = {isa = PBXBuildFile; fileRef = F26FB0A31F1901C000D17889 /* Main.storyboard */; };
		F26FB0A71F1901C000D17889 /* Assets.xcassets in Resources */ = {isa = PBXBuildFile; fileRef = F26FB0A61F1901C000D17889 /* Assets.xcassets */; };
		F26FB0AA1F1901C000D17889 /* LaunchScreen.storyboard in Resources */ = {isa = PBXBuildFile; fileRef = F26FB0A81F1901C000D17889 /* LaunchScreen.storyboard */; };
		F26FB0CD1F1902A200D17889 /* Assets.xcassets in Resources */ = {isa = PBXBuildFile; fileRef = F26FB0B21F1902A200D17889 /* Assets.xcassets */; };
		F26FB0CE1F1902A200D17889 /* Localizable.strings in Resources */ = {isa = PBXBuildFile; fileRef = F26FB0B31F1902A200D17889 /* Localizable.strings */; };
		F26FB0CF1F1902A200D17889 /* Filter.swift in Sources */ = {isa = PBXBuildFile; fileRef = F26FB0B71F1902A200D17889 /* Filter.swift */; };
		F26FB0D01F1902A200D17889 /* FilterCollectionViewCell.swift in Sources */ = {isa = PBXBuildFile; fileRef = F26FB0B81F1902A200D17889 /* FilterCollectionViewCell.swift */; };
		F26FB0D11F1902A200D17889 /* FilterPreview.swift in Sources */ = {isa = PBXBuildFile; fileRef = F26FB0B91F1902A200D17889 /* FilterPreview.swift */; };
		F26FB0D21F1902A200D17889 /* FiltersVC.swift in Sources */ = {isa = PBXBuildFile; fileRef = F26FB0BA1F1902A200D17889 /* FiltersVC.swift */; };
		F26FB0D31F1902A200D17889 /* FiltersView.swift in Sources */ = {isa = PBXBuildFile; fileRef = F26FB0BB1F1902A200D17889 /* FiltersView.swift */; };
		F26FB0D41F1902A200D17889 /* FSAlbumVC.swift in Sources */ = {isa = PBXBuildFile; fileRef = F26FB0BD1F1902A200D17889 /* FSAlbumVC.swift */; };
		F26FB0D51F1902A200D17889 /* FSAlbumView.swift in Sources */ = {isa = PBXBuildFile; fileRef = F26FB0BE1F1902A200D17889 /* FSAlbumView.swift */; };
		F26FB0D61F1902A200D17889 /* FSAlbumView.xib in Resources */ = {isa = PBXBuildFile; fileRef = F26FB0BF1F1902A200D17889 /* FSAlbumView.xib */; };
		F26FB0D71F1902A200D17889 /* FSAlbumViewCell.swift in Sources */ = {isa = PBXBuildFile; fileRef = F26FB0C01F1902A200D17889 /* FSAlbumViewCell.swift */; };
		F26FB0D81F1902A200D17889 /* FSBottomPager.swift in Sources */ = {isa = PBXBuildFile; fileRef = F26FB0C11F1902A200D17889 /* FSBottomPager.swift */; };
		F26FB0D91F1902A200D17889 /* FSCameraVC.swift in Sources */ = {isa = PBXBuildFile; fileRef = F26FB0C21F1902A200D17889 /* FSCameraVC.swift */; };
		F26FB0DA1F1902A200D17889 /* FSCameraView.swift in Sources */ = {isa = PBXBuildFile; fileRef = F26FB0C31F1902A200D17889 /* FSCameraView.swift */; };
		F26FB0DB1F1902A200D17889 /* FSConfiguration.swift in Sources */ = {isa = PBXBuildFile; fileRef = F26FB0C41F1902A200D17889 /* FSConfiguration.swift */; };
		F26FB0DC1F1902A200D17889 /* FSGridView.swift in Sources */ = {isa = PBXBuildFile; fileRef = F26FB0C51F1902A200D17889 /* FSGridView.swift */; };
		F26FB0DD1F1902A200D17889 /* FSHelpers.swift in Sources */ = {isa = PBXBuildFile; fileRef = F26FB0C61F1902A200D17889 /* FSHelpers.swift */; };
		F26FB0DE1F1902A200D17889 /* FSImageCropView.swift in Sources */ = {isa = PBXBuildFile; fileRef = F26FB0C71F1902A200D17889 /* FSImageCropView.swift */; };
		F26FB0DF1F1902A200D17889 /* FSVideoVC.swift in Sources */ = {isa = PBXBuildFile; fileRef = F26FB0C81F1902A200D17889 /* FSVideoVC.swift */; };
		F26FB0E01F1902A200D17889 /* FusumaVC.swift in Sources */ = {isa = PBXBuildFile; fileRef = F26FB0C91F1902A200D17889 /* FusumaVC.swift */; };
		F26FB0E11F1902A200D17889 /* ImageCropViewContainer.swift in Sources */ = {isa = PBXBuildFile; fileRef = F26FB0CA1F1902A200D17889 /* ImageCropViewContainer.swift */; };
		F26FB0E21F1902A200D17889 /* PhotoSaver.swift in Sources */ = {isa = PBXBuildFile; fileRef = F26FB0CB1F1902A200D17889 /* PhotoSaver.swift */; };
		F26FB0E31F1902A200D17889 /* YPImagePicker.swift in Sources */ = {isa = PBXBuildFile; fileRef = F26FB0CC1F1902A200D17889 /* YPImagePicker.swift */; };
		F2A0A0E61F1E7A6200C2A3AA /* YVVideoTrimVC.swift in Sources */ = {isa = PBXBuildFile; fileRef = F2A0A0E51F1E7A6200C2A3AA /* YVVideoTrimVC.swift */; };
		F2A0A0F71F1E7BAC00C2A3AA /* BorderLine.png in Resources */ = {isa = PBXBuildFile; fileRef = F2A0A0E91F1E7BAC00C2A3AA /* BorderLine.png */; };
		F2A0A0F81F1E7BAC00C2A3AA /* EndIndicator.png in Resources */ = {isa = PBXBuildFile; fileRef = F2A0A0EA1F1E7BAC00C2A3AA /* EndIndicator.png */; };
		F2A0A0F91F1E7BAC00C2A3AA /* ProgressIndicator.png in Resources */ = {isa = PBXBuildFile; fileRef = F2A0A0EB1F1E7BAC00C2A3AA /* ProgressIndicator.png */; };
		F2A0A0FA1F1E7BAC00C2A3AA /* StartIndicator.png in Resources */ = {isa = PBXBuildFile; fileRef = F2A0A0EC1F1E7BAC00C2A3AA /* StartIndicator.png */; };
		F2A0A0FC1F1E7BAC00C2A3AA /* YVBorder.swift in Sources */ = {isa = PBXBuildFile; fileRef = F2A0A0EF1F1E7BAC00C2A3AA /* YVBorder.swift */; };
		F2A0A0FD1F1E7BAC00C2A3AA /* YVEndIndicator.swift in Sources */ = {isa = PBXBuildFile; fileRef = F2A0A0F01F1E7BAC00C2A3AA /* YVEndIndicator.swift */; };
		F2A0A0FE1F1E7BAC00C2A3AA /* YVProgressIndicator.swift in Sources */ = {isa = PBXBuildFile; fileRef = F2A0A0F11F1E7BAC00C2A3AA /* YVProgressIndicator.swift */; };
		F2A0A0FF1F1E7BAC00C2A3AA /* YVStartIndicator.swift in Sources */ = {isa = PBXBuildFile; fileRef = F2A0A0F21F1E7BAC00C2A3AA /* YVStartIndicator.swift */; };
		F2A0A1001F1E7BAC00C2A3AA /* YVThumbnailsManager.swift in Sources */ = {isa = PBXBuildFile; fileRef = F2A0A0F31F1E7BAC00C2A3AA /* YVThumbnailsManager.swift */; };
		F2A0A1011F1E7BAC00C2A3AA /* YVTimeView.swift in Sources */ = {isa = PBXBuildFile; fileRef = F2A0A0F41F1E7BAC00C2A3AA /* YVTimeView.swift */; };
		F2A0A1021F1E7BAC00C2A3AA /* YVVideoHelper.swift in Sources */ = {isa = PBXBuildFile; fileRef = F2A0A0F51F1E7BAC00C2A3AA /* YVVideoHelper.swift */; };
		F2A0A1031F1E7BAC00C2A3AA /* YVVideoRangeSlider.swift in Sources */ = {isa = PBXBuildFile; fileRef = F2A0A0F61F1E7BAC00C2A3AA /* YVVideoRangeSlider.swift */; };
		F2A0A1051F1E7F0200C2A3AA /* UIView+Anchor.swift in Sources */ = {isa = PBXBuildFile; fileRef = F2A0A1041F1E7F0200C2A3AA /* UIView+Anchor.swift */; };
/* End PBXBuildFile section */

/* Begin PBXFileReference section */
		2A5E7BC7007EE0B753518492 /* Pods-Test.release.xcconfig */ = {isa = PBXFileReference; includeInIndex = 1; lastKnownFileType = text.xcconfig; name = "Pods-Test.release.xcconfig"; path = "Pods/Target Support Files/Pods-Test/Pods-Test.release.xcconfig"; sourceTree = "<group>"; };
		8CBD3E582B9D3C16CF301788 /* Pods_Test.framework */ = {isa = PBXFileReference; explicitFileType = wrapper.framework; includeInIndex = 0; path = Pods_Test.framework; sourceTree = BUILT_PRODUCTS_DIR; };
		E1C8E34ECE085AFDC5644C5D /* Pods-Test.debug.xcconfig */ = {isa = PBXFileReference; includeInIndex = 1; lastKnownFileType = text.xcconfig; name = "Pods-Test.debug.xcconfig"; path = "Pods/Target Support Files/Pods-Test/Pods-Test.debug.xcconfig"; sourceTree = "<group>"; };
		F23D99521F191EB800BC253D /* AvatarsVC.swift */ = {isa = PBXFileReference; fileEncoding = 4; lastKnownFileType = sourcecode.swift; path = AvatarsVC.swift; sourceTree = "<group>"; };
		F23D99541F19244300BC253D /* AvatarView.swift */ = {isa = PBXFileReference; fileEncoding = 4; lastKnownFileType = sourcecode.swift; path = AvatarView.swift; sourceTree = "<group>"; };
		F26FB09C1F1901C000D17889 /* Test.app */ = {isa = PBXFileReference; explicitFileType = wrapper.application; includeInIndex = 0; path = Test.app; sourceTree = BUILT_PRODUCTS_DIR; };
		F26FB09F1F1901C000D17889 /* AppDelegate.swift */ = {isa = PBXFileReference; lastKnownFileType = sourcecode.swift; path = AppDelegate.swift; sourceTree = "<group>"; };
		F26FB0A11F1901C000D17889 /* ViewController.swift */ = {isa = PBXFileReference; lastKnownFileType = sourcecode.swift; path = ViewController.swift; sourceTree = "<group>"; };
		F26FB0A41F1901C000D17889 /* Base */ = {isa = PBXFileReference; lastKnownFileType = file.storyboard; name = Base; path = Base.lproj/Main.storyboard; sourceTree = "<group>"; };
		F26FB0A61F1901C000D17889 /* Assets.xcassets */ = {isa = PBXFileReference; lastKnownFileType = folder.assetcatalog; path = Assets.xcassets; sourceTree = "<group>"; };
		F26FB0A91F1901C000D17889 /* Base */ = {isa = PBXFileReference; lastKnownFileType = file.storyboard; name = Base; path = Base.lproj/LaunchScreen.storyboard; sourceTree = "<group>"; };
		F26FB0AB1F1901C000D17889 /* Info.plist */ = {isa = PBXFileReference; lastKnownFileType = text.plist.xml; path = Info.plist; sourceTree = "<group>"; };
		F26FB0B21F1902A200D17889 /* Assets.xcassets */ = {isa = PBXFileReference; lastKnownFileType = folder.assetcatalog; path = Assets.xcassets; sourceTree = "<group>"; };
		F26FB0B41F1902A200D17889 /* en */ = {isa = PBXFileReference; lastKnownFileType = text.plist.strings; name = en; path = en.lproj/Localizable.strings; sourceTree = "<group>"; };
		F26FB0B51F1902A200D17889 /* es */ = {isa = PBXFileReference; lastKnownFileType = text.plist.strings; name = es; path = es.lproj/Localizable.strings; sourceTree = "<group>"; };
		F26FB0B71F1902A200D17889 /* Filter.swift */ = {isa = PBXFileReference; fileEncoding = 4; lastKnownFileType = sourcecode.swift; path = Filter.swift; sourceTree = "<group>"; };
		F26FB0B81F1902A200D17889 /* FilterCollectionViewCell.swift */ = {isa = PBXFileReference; fileEncoding = 4; lastKnownFileType = sourcecode.swift; path = FilterCollectionViewCell.swift; sourceTree = "<group>"; };
		F26FB0B91F1902A200D17889 /* FilterPreview.swift */ = {isa = PBXFileReference; fileEncoding = 4; lastKnownFileType = sourcecode.swift; path = FilterPreview.swift; sourceTree = "<group>"; };
		F26FB0BA1F1902A200D17889 /* FiltersVC.swift */ = {isa = PBXFileReference; fileEncoding = 4; lastKnownFileType = sourcecode.swift; path = FiltersVC.swift; sourceTree = "<group>"; };
		F26FB0BB1F1902A200D17889 /* FiltersView.swift */ = {isa = PBXFileReference; fileEncoding = 4; lastKnownFileType = sourcecode.swift; path = FiltersView.swift; sourceTree = "<group>"; };
		F26FB0BC1F1902A200D17889 /* fr */ = {isa = PBXFileReference; lastKnownFileType = text.plist.strings; name = fr; path = fr.lproj/Localizable.strings; sourceTree = "<group>"; };
		F26FB0BD1F1902A200D17889 /* FSAlbumVC.swift */ = {isa = PBXFileReference; fileEncoding = 4; lastKnownFileType = sourcecode.swift; path = FSAlbumVC.swift; sourceTree = "<group>"; };
		F26FB0BE1F1902A200D17889 /* FSAlbumView.swift */ = {isa = PBXFileReference; fileEncoding = 4; lastKnownFileType = sourcecode.swift; path = FSAlbumView.swift; sourceTree = "<group>"; };
		F26FB0BF1F1902A200D17889 /* FSAlbumView.xib */ = {isa = PBXFileReference; fileEncoding = 4; lastKnownFileType = file.xib; path = FSAlbumView.xib; sourceTree = "<group>"; };
		F26FB0C01F1902A200D17889 /* FSAlbumViewCell.swift */ = {isa = PBXFileReference; fileEncoding = 4; lastKnownFileType = sourcecode.swift; path = FSAlbumViewCell.swift; sourceTree = "<group>"; };
		F26FB0C11F1902A200D17889 /* FSBottomPager.swift */ = {isa = PBXFileReference; fileEncoding = 4; lastKnownFileType = sourcecode.swift; path = FSBottomPager.swift; sourceTree = "<group>"; };
		F26FB0C21F1902A200D17889 /* FSCameraVC.swift */ = {isa = PBXFileReference; fileEncoding = 4; lastKnownFileType = sourcecode.swift; path = FSCameraVC.swift; sourceTree = "<group>"; };
		F26FB0C31F1902A200D17889 /* FSCameraView.swift */ = {isa = PBXFileReference; fileEncoding = 4; lastKnownFileType = sourcecode.swift; path = FSCameraView.swift; sourceTree = "<group>"; };
		F26FB0C41F1902A200D17889 /* FSConfiguration.swift */ = {isa = PBXFileReference; fileEncoding = 4; lastKnownFileType = sourcecode.swift; path = FSConfiguration.swift; sourceTree = "<group>"; };
		F26FB0C51F1902A200D17889 /* FSGridView.swift */ = {isa = PBXFileReference; fileEncoding = 4; lastKnownFileType = sourcecode.swift; path = FSGridView.swift; sourceTree = "<group>"; };
		F26FB0C61F1902A200D17889 /* FSHelpers.swift */ = {isa = PBXFileReference; fileEncoding = 4; lastKnownFileType = sourcecode.swift; path = FSHelpers.swift; sourceTree = "<group>"; };
		F26FB0C71F1902A200D17889 /* FSImageCropView.swift */ = {isa = PBXFileReference; fileEncoding = 4; lastKnownFileType = sourcecode.swift; path = FSImageCropView.swift; sourceTree = "<group>"; };
		F26FB0C81F1902A200D17889 /* FSVideoVC.swift */ = {isa = PBXFileReference; fileEncoding = 4; lastKnownFileType = sourcecode.swift; path = FSVideoVC.swift; sourceTree = "<group>"; };
		F26FB0C91F1902A200D17889 /* FusumaVC.swift */ = {isa = PBXFileReference; fileEncoding = 4; lastKnownFileType = sourcecode.swift; path = FusumaVC.swift; sourceTree = "<group>"; };
		F26FB0CA1F1902A200D17889 /* ImageCropViewContainer.swift */ = {isa = PBXFileReference; fileEncoding = 4; lastKnownFileType = sourcecode.swift; path = ImageCropViewContainer.swift; sourceTree = "<group>"; };
		F26FB0CB1F1902A200D17889 /* PhotoSaver.swift */ = {isa = PBXFileReference; fileEncoding = 4; lastKnownFileType = sourcecode.swift; path = PhotoSaver.swift; sourceTree = "<group>"; };
		F26FB0CC1F1902A200D17889 /* YPImagePicker.swift */ = {isa = PBXFileReference; fileEncoding = 4; lastKnownFileType = sourcecode.swift; path = YPImagePicker.swift; sourceTree = "<group>"; };
		F2A0A0E51F1E7A6200C2A3AA /* YVVideoTrimVC.swift */ = {isa = PBXFileReference; fileEncoding = 4; lastKnownFileType = sourcecode.swift; path = YVVideoTrimVC.swift; sourceTree = "<group>"; };
		F2A0A0E91F1E7BAC00C2A3AA /* BorderLine.png */ = {isa = PBXFileReference; lastKnownFileType = image.png; path = BorderLine.png; sourceTree = "<group>"; };
		F2A0A0EA1F1E7BAC00C2A3AA /* EndIndicator.png */ = {isa = PBXFileReference; lastKnownFileType = image.png; path = EndIndicator.png; sourceTree = "<group>"; };
		F2A0A0EB1F1E7BAC00C2A3AA /* ProgressIndicator.png */ = {isa = PBXFileReference; lastKnownFileType = image.png; path = ProgressIndicator.png; sourceTree = "<group>"; };
		F2A0A0EC1F1E7BAC00C2A3AA /* StartIndicator.png */ = {isa = PBXFileReference; lastKnownFileType = image.png; path = StartIndicator.png; sourceTree = "<group>"; };
		F2A0A0EF1F1E7BAC00C2A3AA /* YVBorder.swift */ = {isa = PBXFileReference; fileEncoding = 4; lastKnownFileType = sourcecode.swift; name = YVBorder.swift; path = Classes/YVBorder.swift; sourceTree = "<group>"; };
		F2A0A0F01F1E7BAC00C2A3AA /* YVEndIndicator.swift */ = {isa = PBXFileReference; fileEncoding = 4; lastKnownFileType = sourcecode.swift; name = YVEndIndicator.swift; path = Classes/YVEndIndicator.swift; sourceTree = "<group>"; };
		F2A0A0F11F1E7BAC00C2A3AA /* YVProgressIndicator.swift */ = {isa = PBXFileReference; fileEncoding = 4; lastKnownFileType = sourcecode.swift; name = YVProgressIndicator.swift; path = Classes/YVProgressIndicator.swift; sourceTree = "<group>"; };
		F2A0A0F21F1E7BAC00C2A3AA /* YVStartIndicator.swift */ = {isa = PBXFileReference; fileEncoding = 4; lastKnownFileType = sourcecode.swift; name = YVStartIndicator.swift; path = Classes/YVStartIndicator.swift; sourceTree = "<group>"; };
		F2A0A0F31F1E7BAC00C2A3AA /* YVThumbnailsManager.swift */ = {isa = PBXFileReference; fileEncoding = 4; lastKnownFileType = sourcecode.swift; path = YVThumbnailsManager.swift; sourceTree = "<group>"; };
		F2A0A0F41F1E7BAC00C2A3AA /* YVTimeView.swift */ = {isa = PBXFileReference; fileEncoding = 4; lastKnownFileType = sourcecode.swift; name = YVTimeView.swift; path = Classes/YVTimeView.swift; sourceTree = "<group>"; };
		F2A0A0F51F1E7BAC00C2A3AA /* YVVideoHelper.swift */ = {isa = PBXFileReference; fileEncoding = 4; lastKnownFileType = sourcecode.swift; path = YVVideoHelper.swift; sourceTree = "<group>"; };
		F2A0A0F61F1E7BAC00C2A3AA /* YVVideoRangeSlider.swift */ = {isa = PBXFileReference; fileEncoding = 4; lastKnownFileType = sourcecode.swift; path = YVVideoRangeSlider.swift; sourceTree = "<group>"; };
		F2A0A1041F1E7F0200C2A3AA /* UIView+Anchor.swift */ = {isa = PBXFileReference; fileEncoding = 4; lastKnownFileType = sourcecode.swift; path = "UIView+Anchor.swift"; sourceTree = "<group>"; };
/* End PBXFileReference section */

/* Begin PBXFrameworksBuildPhase section */
		F26FB0991F1901C000D17889 /* Frameworks */ = {
			isa = PBXFrameworksBuildPhase;
			buildActionMask = 2147483647;
			files = (
				41FB680F72642C0DB4615D8B /* Pods_Test.framework in Frameworks */,
			);
			runOnlyForDeploymentPostprocessing = 0;
		};
/* End PBXFrameworksBuildPhase section */

/* Begin PBXGroup section */
		8F2E201E4A00B203012BC723 /* Pods */ = {
			isa = PBXGroup;
			children = (
				E1C8E34ECE085AFDC5644C5D /* Pods-Test.debug.xcconfig */,
				2A5E7BC7007EE0B753518492 /* Pods-Test.release.xcconfig */,
			);
			name = Pods;
			sourceTree = "<group>";
		};
		F23D994D1F19135000BC253D /* YVPicker */ = {
			isa = PBXGroup;
			children = (
				F26FB0CC1F1902A200D17889 /* YPImagePicker.swift */,
				F26FB0C91F1902A200D17889 /* FusumaVC.swift */,
				F26FB0C11F1902A200D17889 /* FSBottomPager.swift */,
				F26FB0C41F1902A200D17889 /* FSConfiguration.swift */,
				F26FB0C61F1902A200D17889 /* FSHelpers.swift */,
				F26FB0CB1F1902A200D17889 /* PhotoSaver.swift */,
			);
			name = YVPicker;
			sourceTree = "<group>";
		};
		F23D994E1F19136000BC253D /* Album */ = {
			isa = PBXGroup;
			children = (
				F26FB0BD1F1902A200D17889 /* FSAlbumVC.swift */,
				F26FB0BE1F1902A200D17889 /* FSAlbumView.swift */,
				F26FB0BF1F1902A200D17889 /* FSAlbumView.xib */,
				F26FB0C01F1902A200D17889 /* FSAlbumViewCell.swift */,
				F26FB0C51F1902A200D17889 /* FSGridView.swift */,
				F26FB0C71F1902A200D17889 /* FSImageCropView.swift */,
				F26FB0CA1F1902A200D17889 /* ImageCropViewContainer.swift */,
			);
			name = Album;
			sourceTree = "<group>";
		};
		F23D994F1F19136800BC253D /* Camera */ = {
			isa = PBXGroup;
			children = (
				F26FB0C21F1902A200D17889 /* FSCameraVC.swift */,
				F26FB0C31F1902A200D17889 /* FSCameraView.swift */,
			);
			name = Camera;
			sourceTree = "<group>";
		};
		F23D99501F19138100BC253D /* Video */ = {
			isa = PBXGroup;
			children = (
				F26FB0C81F1902A200D17889 /* FSVideoVC.swift */,
				F2A0A0E51F1E7A6200C2A3AA /* YVVideoTrimVC.swift */,
			);
			name = Video;
			sourceTree = "<group>";
		};
		F23D99511F19138D00BC253D /* Avatars */ = {
			isa = PBXGroup;
			children = (
				F23D99521F191EB800BC253D /* AvatarsVC.swift */,
				F23D99541F19244300BC253D /* AvatarView.swift */,
			);
			name = Avatars;
			sourceTree = "<group>";
		};
		F26FB0931F1901C000D17889 = {
			isa = PBXGroup;
			children = (
				F26FB09E1F1901C000D17889 /* Test */,
				F26FB0B11F1902A200D17889 /* YVPickerController */,
				F2A0A0E71F1E7BAC00C2A3AA /* YVVideoRangeSlider */,
				F26FB09D1F1901C000D17889 /* Products */,
				8F2E201E4A00B203012BC723 /* Pods */,
				F6D4A1EA06663554A08A3ED0 /* Frameworks */,
			);
			sourceTree = "<group>";
		};
		F26FB09D1F1901C000D17889 /* Products */ = {
			isa = PBXGroup;
			children = (
				F26FB09C1F1901C000D17889 /* Test.app */,
			);
			name = Products;
			sourceTree = "<group>";
		};
		F26FB09E1F1901C000D17889 /* Test */ = {
			isa = PBXGroup;
			children = (
				F26FB09F1F1901C000D17889 /* AppDelegate.swift */,
				F26FB0A11F1901C000D17889 /* ViewController.swift */,
				F26FB0A31F1901C000D17889 /* Main.storyboard */,
				F26FB0A61F1901C000D17889 /* Assets.xcassets */,
				F26FB0A81F1901C000D17889 /* LaunchScreen.storyboard */,
				F26FB0AB1F1901C000D17889 /* Info.plist */,
				F2A0A1041F1E7F0200C2A3AA /* UIView+Anchor.swift */,
			);
			path = Test;
			sourceTree = "<group>";
		};
		F26FB0B11F1902A200D17889 /* YVPickerController */ = {
			isa = PBXGroup;
			children = (
				F26FB0B21F1902A200D17889 /* Assets.xcassets */,
				F26FB0B31F1902A200D17889 /* Localizable.strings */,
				F23D994D1F19135000BC253D /* YVPicker */,
				F23D994F1F19136800BC253D /* Camera */,
				F23D99501F19138100BC253D /* Video */,
				F23D994E1F19136000BC253D /* Album */,
				F23D99511F19138D00BC253D /* Avatars */,
				F26FB0B61F1902A200D17889 /* Filters */,
			);
			name = YVPickerController;
			path = Sources;
			sourceTree = "<group>";
		};
		F26FB0B61F1902A200D17889 /* Filters */ = {
			isa = PBXGroup;
			children = (
				F26FB0B71F1902A200D17889 /* Filter.swift */,
				F26FB0B81F1902A200D17889 /* FilterCollectionViewCell.swift */,
				F26FB0B91F1902A200D17889 /* FilterPreview.swift */,
				F26FB0BA1F1902A200D17889 /* FiltersVC.swift */,
				F26FB0BB1F1902A200D17889 /* FiltersView.swift */,
			);
			path = Filters;
			sourceTree = "<group>";
		};
		F2A0A0E71F1E7BAC00C2A3AA /* YVVideoRangeSlider */ = {
			isa = PBXGroup;
			children = (
				F2A0A0ED1F1E7BAC00C2A3AA /* Classes */,
				F2A0A10E1F1F95BE00C2A3AA /* Views */,
				F2A0A0E81F1E7BAC00C2A3AA /* Assets */,
			);
			name = YVVideoRangeSlider;
			path = ABVideoRangeSlider;
			sourceTree = "<group>";
		};
		F2A0A0E81F1E7BAC00C2A3AA /* Assets */ = {
			isa = PBXGroup;
			children = (
				F2A0A0E91F1E7BAC00C2A3AA /* BorderLine.png */,
				F2A0A0EA1F1E7BAC00C2A3AA /* EndIndicator.png */,
				F2A0A0EB1F1E7BAC00C2A3AA /* ProgressIndicator.png */,
				F2A0A0EC1F1E7BAC00C2A3AA /* StartIndicator.png */,
			);
			path = Assets;
			sourceTree = "<group>";
		};
		F2A0A0ED1F1E7BAC00C2A3AA /* Classes */ = {
			isa = PBXGroup;
			children = (
				F2A0A0F61F1E7BAC00C2A3AA /* YVVideoRangeSlider.swift */,
				F2A0A0F31F1E7BAC00C2A3AA /* YVThumbnailsManager.swift */,
				F2A0A0F51F1E7BAC00C2A3AA /* YVVideoHelper.swift */,
			);
			path = Classes;
			sourceTree = "<group>";
		};
		F2A0A10E1F1F95BE00C2A3AA /* Views */ = {
			isa = PBXGroup;
			children = (
				F2A0A0F11F1E7BAC00C2A3AA /* YVProgressIndicator.swift */,
				F2A0A0F21F1E7BAC00C2A3AA /* YVStartIndicator.swift */,
				F2A0A0F01F1E7BAC00C2A3AA /* YVEndIndicator.swift */,
				F2A0A0EF1F1E7BAC00C2A3AA /* YVBorder.swift */,
				F2A0A0F41F1E7BAC00C2A3AA /* YVTimeView.swift */,
			);
			name = Views;
			sourceTree = "<group>";
		};
		F6D4A1EA06663554A08A3ED0 /* Frameworks */ = {
			isa = PBXGroup;
			children = (
				8CBD3E582B9D3C16CF301788 /* Pods_Test.framework */,
			);
			name = Frameworks;
			sourceTree = "<group>";
		};
/* End PBXGroup section */

/* Begin PBXNativeTarget section */
		F26FB09B1F1901C000D17889 /* Test */ = {
			isa = PBXNativeTarget;
			buildConfigurationList = F26FB0AE1F1901C000D17889 /* Build configuration list for PBXNativeTarget "Test" */;
			buildPhases = (
				856D6C29A591B90DA822C055 /* [CP] Check Pods Manifest.lock */,
				F26FB0981F1901C000D17889 /* Sources */,
				F26FB0991F1901C000D17889 /* Frameworks */,
				F26FB09A1F1901C000D17889 /* Resources */,
				CAF426B0835278B1D706BC7F /* [CP] Embed Pods Frameworks */,
				62F5F94112981A52CCB74204 /* [CP] Copy Pods Resources */,
			);
			buildRules = (
			);
			dependencies = (
			);
			name = Test;
			productName = Test;
			productReference = F26FB09C1F1901C000D17889 /* Test.app */;
			productType = "com.apple.product-type.application";
		};
/* End PBXNativeTarget section */

/* Begin PBXProject section */
		F26FB0941F1901C000D17889 /* Project object */ = {
			isa = PBXProject;
			attributes = {
				LastSwiftUpdateCheck = 0820;
				LastUpgradeCheck = 0820;
				ORGANIZATIONNAME = DSNY;
				TargetAttributes = {
					F26FB09B1F1901C000D17889 = {
						CreatedOnToolsVersion = 8.2;
						DevelopmentTeam = E834ARW34M;
						ProvisioningStyle = Automatic;
					};
				};
			};
			buildConfigurationList = F26FB0971F1901C000D17889 /* Build configuration list for PBXProject "Test" */;
			compatibilityVersion = "Xcode 3.2";
			developmentRegion = English;
			hasScannedForEncodings = 0;
			knownRegions = (
				en,
				Base,
				es,
				fr,
			);
			mainGroup = F26FB0931F1901C000D17889;
			productRefGroup = F26FB09D1F1901C000D17889 /* Products */;
			projectDirPath = "";
			projectRoot = "";
			targets = (
				F26FB09B1F1901C000D17889 /* Test */,
			);
		};
/* End PBXProject section */

/* Begin PBXResourcesBuildPhase section */
		F26FB09A1F1901C000D17889 /* Resources */ = {
			isa = PBXResourcesBuildPhase;
			buildActionMask = 2147483647;
			files = (
				F2A0A0FA1F1E7BAC00C2A3AA /* StartIndicator.png in Resources */,
				F26FB0CE1F1902A200D17889 /* Localizable.strings in Resources */,
				F26FB0D61F1902A200D17889 /* FSAlbumView.xib in Resources */,
				F26FB0AA1F1901C000D17889 /* LaunchScreen.storyboard in Resources */,
				F26FB0A71F1901C000D17889 /* Assets.xcassets in Resources */,
				F2A0A0F71F1E7BAC00C2A3AA /* BorderLine.png in Resources */,
				F26FB0CD1F1902A200D17889 /* Assets.xcassets in Resources */,
				F2A0A0F91F1E7BAC00C2A3AA /* ProgressIndicator.png in Resources */,
				F26FB0A51F1901C000D17889 /* Main.storyboard in Resources */,
				F2A0A0F81F1E7BAC00C2A3AA /* EndIndicator.png in Resources */,
			);
			runOnlyForDeploymentPostprocessing = 0;
		};
/* End PBXResourcesBuildPhase section */

/* Begin PBXShellScriptBuildPhase section */
		62F5F94112981A52CCB74204 /* [CP] Copy Pods Resources */ = {
			isa = PBXShellScriptBuildPhase;
			buildActionMask = 2147483647;
			files = (
			);
			inputPaths = (
			);
			name = "[CP] Copy Pods Resources";
			outputPaths = (
			);
			runOnlyForDeploymentPostprocessing = 0;
			shellPath = /bin/sh;
			shellScript = "\"${SRCROOT}/Pods/Target Support Files/Pods-Test/Pods-Test-resources.sh\"\n";
			showEnvVarsInLog = 0;
		};
		856D6C29A591B90DA822C055 /* [CP] Check Pods Manifest.lock */ = {
			isa = PBXShellScriptBuildPhase;
			buildActionMask = 2147483647;
			files = (
			);
			inputPaths = (
			);
			name = "[CP] Check Pods Manifest.lock";
			outputPaths = (
			);
			runOnlyForDeploymentPostprocessing = 0;
			shellPath = /bin/sh;
			shellScript = "diff \"${PODS_ROOT}/../Podfile.lock\" \"${PODS_ROOT}/Manifest.lock\" > /dev/null\nif [ $? != 0 ] ; then\n    # print error to STDERR\n    echo \"error: The sandbox is not in sync with the Podfile.lock. Run 'pod install' or update your CocoaPods installation.\" >&2\n    exit 1\nfi\n";
			showEnvVarsInLog = 0;
		};
		CAF426B0835278B1D706BC7F /* [CP] Embed Pods Frameworks */ = {
			isa = PBXShellScriptBuildPhase;
			buildActionMask = 2147483647;
			files = (
			);
			inputPaths = (
			);
			name = "[CP] Embed Pods Frameworks";
			outputPaths = (
			);
			runOnlyForDeploymentPostprocessing = 0;
			shellPath = /bin/sh;
			shellScript = "\"${SRCROOT}/Pods/Target Support Files/Pods-Test/Pods-Test-frameworks.sh\"\n";
			showEnvVarsInLog = 0;
		};
/* End PBXShellScriptBuildPhase section */

/* Begin PBXSourcesBuildPhase section */
		F26FB0981F1901C000D17889 /* Sources */ = {
			isa = PBXSourcesBuildPhase;
			buildActionMask = 2147483647;
			files = (
				F26FB0E31F1902A200D17889 /* YPImagePicker.swift in Sources */,
				F2A0A0E61F1E7A6200C2A3AA /* YVVideoTrimVC.swift in Sources */,
				F26FB0E11F1902A200D17889 /* ImageCropViewContainer.swift in Sources */,
				F26FB0D81F1902A200D17889 /* FSBottomPager.swift in Sources */,
				F2A0A0FF1F1E7BAC00C2A3AA /* YVStartIndicator.swift in Sources */,
				F26FB0D21F1902A200D17889 /* FiltersVC.swift in Sources */,
				F2A0A0FE1F1E7BAC00C2A3AA /* YVProgressIndicator.swift in Sources */,
				F2A0A1001F1E7BAC00C2A3AA /* YVThumbnailsManager.swift in Sources */,
				F2A0A1021F1E7BAC00C2A3AA /* YVVideoHelper.swift in Sources */,
				F26FB0D91F1902A200D17889 /* FSCameraVC.swift in Sources */,
				F26FB0E01F1902A200D17889 /* FusumaVC.swift in Sources */,
				F26FB0A21F1901C000D17889 /* ViewController.swift in Sources */,
				F26FB0DC1F1902A200D17889 /* FSGridView.swift in Sources */,
				F26FB0D11F1902A200D17889 /* FilterPreview.swift in Sources */,
				F2A0A0FC1F1E7BAC00C2A3AA /* YVBorder.swift in Sources */,
				F26FB0DD1F1902A200D17889 /* FSHelpers.swift in Sources */,
				F26FB0D31F1902A200D17889 /* FiltersView.swift in Sources */,
				F26FB0E21F1902A200D17889 /* PhotoSaver.swift in Sources */,
				F26FB0DE1F1902A200D17889 /* FSImageCropView.swift in Sources */,
				F23D99551F19244300BC253D /* AvatarView.swift in Sources */,
				F2A0A1031F1E7BAC00C2A3AA /* YVVideoRangeSlider.swift in Sources */,
				F26FB0DF1F1902A200D17889 /* FSVideoVC.swift in Sources */,
				F2A0A0FD1F1E7BAC00C2A3AA /* YVEndIndicator.swift in Sources */,
				F26FB0CF1F1902A200D17889 /* Filter.swift in Sources */,
				F26FB0D41F1902A200D17889 /* FSAlbumVC.swift in Sources */,
				F26FB0D01F1902A200D17889 /* FilterCollectionViewCell.swift in Sources */,
				F26FB0DB1F1902A200D17889 /* FSConfiguration.swift in Sources */,
				F26FB0DA1F1902A200D17889 /* FSCameraView.swift in Sources */,
				F23D99531F191EB800BC253D /* AvatarsVC.swift in Sources */,
				F26FB0D51F1902A200D17889 /* FSAlbumView.swift in Sources */,
				F26FB0A01F1901C000D17889 /* AppDelegate.swift in Sources */,
				F2A0A1051F1E7F0200C2A3AA /* UIView+Anchor.swift in Sources */,
				F26FB0D71F1902A200D17889 /* FSAlbumViewCell.swift in Sources */,
				F2A0A1011F1E7BAC00C2A3AA /* YVTimeView.swift in Sources */,
			);
			runOnlyForDeploymentPostprocessing = 0;
		};
/* End PBXSourcesBuildPhase section */

/* Begin PBXVariantGroup section */
		F26FB0A31F1901C000D17889 /* Main.storyboard */ = {
			isa = PBXVariantGroup;
			children = (
				F26FB0A41F1901C000D17889 /* Base */,
			);
			name = Main.storyboard;
			sourceTree = "<group>";
		};
		F26FB0A81F1901C000D17889 /* LaunchScreen.storyboard */ = {
			isa = PBXVariantGroup;
			children = (
				F26FB0A91F1901C000D17889 /* Base */,
			);
			name = LaunchScreen.storyboard;
			sourceTree = "<group>";
		};
		F26FB0B31F1902A200D17889 /* Localizable.strings */ = {
			isa = PBXVariantGroup;
			children = (
				F26FB0B41F1902A200D17889 /* en */,
				F26FB0B51F1902A200D17889 /* es */,
				F26FB0BC1F1902A200D17889 /* fr */,
			);
			name = Localizable.strings;
			sourceTree = "<group>";
		};
/* End PBXVariantGroup section */

/* Begin XCBuildConfiguration section */
		F26FB0AC1F1901C000D17889 /* Debug */ = {
			isa = XCBuildConfiguration;
			buildSettings = {
				ALWAYS_SEARCH_USER_PATHS = NO;
				CLANG_ANALYZER_NONNULL = YES;
				CLANG_CXX_LANGUAGE_STANDARD = "gnu++0x";
				CLANG_CXX_LIBRARY = "libc++";
				CLANG_ENABLE_MODULES = YES;
				CLANG_ENABLE_OBJC_ARC = YES;
				CLANG_WARN_BOOL_CONVERSION = YES;
				CLANG_WARN_CONSTANT_CONVERSION = YES;
				CLANG_WARN_DIRECT_OBJC_ISA_USAGE = YES_ERROR;
				CLANG_WARN_DOCUMENTATION_COMMENTS = YES;
				CLANG_WARN_EMPTY_BODY = YES;
				CLANG_WARN_ENUM_CONVERSION = YES;
				CLANG_WARN_INFINITE_RECURSION = YES;
				CLANG_WARN_INT_CONVERSION = YES;
				CLANG_WARN_OBJC_ROOT_CLASS = YES_ERROR;
				CLANG_WARN_SUSPICIOUS_MOVE = YES;
				CLANG_WARN_UNREACHABLE_CODE = YES;
				CLANG_WARN__DUPLICATE_METHOD_MATCH = YES;
				"CODE_SIGN_IDENTITY[sdk=iphoneos*]" = "iPhone Developer";
				COPY_PHASE_STRIP = NO;
				DEBUG_INFORMATION_FORMAT = dwarf;
				ENABLE_STRICT_OBJC_MSGSEND = YES;
				ENABLE_TESTABILITY = YES;
				GCC_C_LANGUAGE_STANDARD = gnu99;
				GCC_DYNAMIC_NO_PIC = NO;
				GCC_NO_COMMON_BLOCKS = YES;
				GCC_OPTIMIZATION_LEVEL = 0;
				GCC_PREPROCESSOR_DEFINITIONS = (
					"DEBUG=1",
					"$(inherited)",
				);
				GCC_WARN_64_TO_32_BIT_CONVERSION = YES;
				GCC_WARN_ABOUT_RETURN_TYPE = YES_ERROR;
				GCC_WARN_UNDECLARED_SELECTOR = YES;
				GCC_WARN_UNINITIALIZED_AUTOS = YES_AGGRESSIVE;
				GCC_WARN_UNUSED_FUNCTION = YES;
				GCC_WARN_UNUSED_VARIABLE = YES;
				IPHONEOS_DEPLOYMENT_TARGET = 10.2;
				MTL_ENABLE_DEBUG_INFO = YES;
				ONLY_ACTIVE_ARCH = YES;
				SDKROOT = iphoneos;
				SWIFT_ACTIVE_COMPILATION_CONDITIONS = DEBUG;
				SWIFT_OPTIMIZATION_LEVEL = "-Onone";
				TARGETED_DEVICE_FAMILY = "1,2";
			};
			name = Debug;
		};
		F26FB0AD1F1901C000D17889 /* Release */ = {
			isa = XCBuildConfiguration;
			buildSettings = {
				ALWAYS_SEARCH_USER_PATHS = NO;
				CLANG_ANALYZER_NONNULL = YES;
				CLANG_CXX_LANGUAGE_STANDARD = "gnu++0x";
				CLANG_CXX_LIBRARY = "libc++";
				CLANG_ENABLE_MODULES = YES;
				CLANG_ENABLE_OBJC_ARC = YES;
				CLANG_WARN_BOOL_CONVERSION = YES;
				CLANG_WARN_CONSTANT_CONVERSION = YES;
				CLANG_WARN_DIRECT_OBJC_ISA_USAGE = YES_ERROR;
				CLANG_WARN_DOCUMENTATION_COMMENTS = YES;
				CLANG_WARN_EMPTY_BODY = YES;
				CLANG_WARN_ENUM_CONVERSION = YES;
				CLANG_WARN_INFINITE_RECURSION = YES;
				CLANG_WARN_INT_CONVERSION = YES;
				CLANG_WARN_OBJC_ROOT_CLASS = YES_ERROR;
				CLANG_WARN_SUSPICIOUS_MOVE = YES;
				CLANG_WARN_UNREACHABLE_CODE = YES;
				CLANG_WARN__DUPLICATE_METHOD_MATCH = YES;
				"CODE_SIGN_IDENTITY[sdk=iphoneos*]" = "iPhone Developer";
				COPY_PHASE_STRIP = NO;
				DEBUG_INFORMATION_FORMAT = "dwarf-with-dsym";
				ENABLE_NS_ASSERTIONS = NO;
				ENABLE_STRICT_OBJC_MSGSEND = YES;
				GCC_C_LANGUAGE_STANDARD = gnu99;
				GCC_NO_COMMON_BLOCKS = YES;
				GCC_WARN_64_TO_32_BIT_CONVERSION = YES;
				GCC_WARN_ABOUT_RETURN_TYPE = YES_ERROR;
				GCC_WARN_UNDECLARED_SELECTOR = YES;
				GCC_WARN_UNINITIALIZED_AUTOS = YES_AGGRESSIVE;
				GCC_WARN_UNUSED_FUNCTION = YES;
				GCC_WARN_UNUSED_VARIABLE = YES;
				IPHONEOS_DEPLOYMENT_TARGET = 10.2;
				MTL_ENABLE_DEBUG_INFO = NO;
				SDKROOT = iphoneos;
				SWIFT_OPTIMIZATION_LEVEL = "-Owholemodule";
				TARGETED_DEVICE_FAMILY = "1,2";
				VALIDATE_PRODUCT = YES;
			};
			name = Release;
		};
		F26FB0AF1F1901C000D17889 /* Debug */ = {
			isa = XCBuildConfiguration;
			baseConfigurationReference = E1C8E34ECE085AFDC5644C5D /* Pods-Test.debug.xcconfig */;
			buildSettings = {
				ASSETCATALOG_COMPILER_APPICON_NAME = AppIcon;
				DEVELOPMENT_TEAM = E834ARW34M;
				INFOPLIST_FILE = Test/Info.plist;
				IPHONEOS_DEPLOYMENT_TARGET = 10.0;
				LD_RUNPATH_SEARCH_PATHS = "$(inherited) @executable_path/Frameworks";
				PRODUCT_BUNDLE_IDENTIFIER = gov.nyc.dsny.Test;
				PRODUCT_NAME = "$(TARGET_NAME)";
				SWIFT_VERSION = 3.0;
			};
			name = Debug;
		};
		F26FB0B01F1901C000D17889 /* Release */ = {
			isa = XCBuildConfiguration;
			baseConfigurationReference = 2A5E7BC7007EE0B753518492 /* Pods-Test.release.xcconfig */;
			buildSettings = {
				ASSETCATALOG_COMPILER_APPICON_NAME = AppIcon;
				DEVELOPMENT_TEAM = E834ARW34M;
				INFOPLIST_FILE = Test/Info.plist;
				IPHONEOS_DEPLOYMENT_TARGET = 10.0;
				LD_RUNPATH_SEARCH_PATHS = "$(inherited) @executable_path/Frameworks";
				PRODUCT_BUNDLE_IDENTIFIER = gov.nyc.dsny.Test;
				PRODUCT_NAME = "$(TARGET_NAME)";
				SWIFT_VERSION = 3.0;
			};
			name = Release;
		};
/* End XCBuildConfiguration section */

/* Begin XCConfigurationList section */
		F26FB0971F1901C000D17889 /* Build configuration list for PBXProject "Test" */ = {
			isa = XCConfigurationList;
			buildConfigurations = (
				F26FB0AC1F1901C000D17889 /* Debug */,
				F26FB0AD1F1901C000D17889 /* Release */,
			);
			defaultConfigurationIsVisible = 0;
			defaultConfigurationName = Release;
		};
		F26FB0AE1F1901C000D17889 /* Build configuration list for PBXNativeTarget "Test" */ = {
			isa = XCConfigurationList;
			buildConfigurations = (
				F26FB0AF1F1901C000D17889 /* Debug */,
				F26FB0B01F1901C000D17889 /* Release */,
			);
			defaultConfigurationIsVisible = 0;
			defaultConfigurationName = Release;
		};
/* End XCConfigurationList section */
	};
	rootObject = F26FB0941F1901C000D17889 /* Project object */;
}
